
Microsoft Visual Studio Solution File, Format Version 12.00
# Visual Studio Version 17
VisualStudioVersion = 17.7.34018.315
MinimumVisualStudioVersion = 10.0.40219.1
Project("{FAE04EC0-301F-11D3-BF4B-00C04F79EFBC}") = "Log4Net_Database", "Log4Net_Database\Log4Net_Database.csproj", "{5575310B-7280-4555-B005-8DF4B2108159}"
EndProject
Global
	GlobalSection(SolutionConfigurationPlatforms) = preSolution
		Debug|Any CPU = Debug|Any CPU
		Release|Any CPU = Release|Any CPU
	EndGlobalSection
	GlobalSection(ProjectConfigurationPlatforms) = postSolution
		{5575310B-7280-4555-B005-8DF4B2108159}.Debug|Any CPU.ActiveCfg = Debug|Any CPU
		{5575310B-7280-4555-B005-8DF4B2108159}.Debug|Any CPU.Build.0 = Debug|Any CPU
		{5575310B-7280-4555-B005-8DF4B2108159}.Release|Any CPU.ActiveCfg = Release|Any CPU
		{5575310B-7280-4555-B005-8DF4B2108159}.Release|Any CPU.Build.0 = Release|Any CPU
	EndGlobalSection
	GlobalSection(SolutionProperties) = preSolution
		HideSolutionNode = FALSE
	EndGlobalSection
	GlobalSection(ExtensibilityGlobals) = postSolution
		SolutionGuid = {0E62F331-19C3-4131-9C0B-E07801E0C969}
	EndGlobalSection
EndGlobal
